
Microsoft Visual Studio Solution File, Format Version 12.00
# Visual Studio Version 16
VisualStudioVersion = 16.0.34601.136
MinimumVisualStudioVersion = 10.0.40219.1
Project("{FAE04EC0-301F-11D3-BF4B-00C04F79EFBC}") = "ChessGame", "ChessGame\ChessGame.csproj", "{DD4201D0-7CBD-4B57-A348-44BF28E9A1C8}"
EndProject
Global
	GlobalSection(SolutionConfigurationPlatforms) = preSolution
		Debug|Any CPU = Debug|Any CPU
		Release|Any CPU = Release|Any CPU
	EndGlobalSection
	GlobalSection(ProjectConfigurationPlatforms) = postSolution
		{DD4201D0-7CBD-4B57-A348-44BF28E9A1C8}.Debug|Any CPU.ActiveCfg = Debug|Any CPU
		{DD4201D0-7CBD-4B57-A348-44BF28E9A1C8}.Debug|Any CPU.Build.0 = Debug|Any CPU
		{DD4201D0-7CBD-4B57-A348-44BF28E9A1C8}.Release|Any CPU.ActiveCfg = Release|Any CPU
		{DD4201D0-7CBD-4B57-A348-44BF28E9A1C8}.Release|Any CPU.Build.0 = Release|Any CPU
	EndGlobalSection
	GlobalSection(SolutionProperties) = preSolution
		HideSolutionNode = FALSE
	EndGlobalSection
	GlobalSection(ExtensibilityGlobals) = postSolution
		SolutionGuid = {30236113-7A03-46A8-8025-2A270670FA6E}
	EndGlobalSection
EndGlobal
